
Microsoft Visual Studio Solution File, Format Version 12.00
# Visual Studio Version 16
VisualStudioVersion = 16.0.31702.278
MinimumVisualStudioVersion = 10.0.40219.1
Project("{FAE04EC0-301F-11D3-BF4B-00C04F79EFBC}") = "Aula211_Conjuntos_Ex1", "Aula211_Conjuntos_Ex1\Aula211_Conjuntos_Ex1.csproj", "{316AB371-7BCE-4B2D-AB03-3494C53A6762}"
EndProject
Global
	GlobalSection(SolutionConfigurationPlatforms) = preSolution
		Debug|Any CPU = Debug|Any CPU
		Release|Any CPU = Release|Any CPU
	EndGlobalSection
	GlobalSection(ProjectConfigurationPlatforms) = postSolution
		{316AB371-7BCE-4B2D-AB03-3494C53A6762}.Debug|Any CPU.ActiveCfg = Debug|Any CPU
		{316AB371-7BCE-4B2D-AB03-3494C53A6762}.Debug|Any CPU.Build.0 = Debug|Any CPU
		{316AB371-7BCE-4B2D-AB03-3494C53A6762}.Release|Any CPU.ActiveCfg = Release|Any CPU
		{316AB371-7BCE-4B2D-AB03-3494C53A6762}.Release|Any CPU.Build.0 = Release|Any CPU
	EndGlobalSection
	GlobalSection(SolutionProperties) = preSolution
		HideSolutionNode = FALSE
	EndGlobalSection
	GlobalSection(ExtensibilityGlobals) = postSolution
		SolutionGuid = {07F7AE99-266D-45D0-A449-44D61333473D}
	EndGlobalSection
EndGlobal
